
Microsoft Visual Studio Solution File, Format Version 12.00
# Visual Studio 15
VisualStudioVersion = 15.0.28307.902
MinimumVisualStudioVersion = 10.0.40219.1
Project("{8BC9CEB8-8B4A-11D0-8D11-00A0C91BC942}") = "Sandbox", "Sandbox\Sandbox.vcxproj", "{666C8111-0B12-4080-B74D-1626EC672D18}"
	ProjectSection(ProjectDependencies) = postProject
		{417A7D88-2139-42B1-AD83-A3CB0723A243} = {417A7D88-2139-42B1-AD83-A3CB0723A243}
	EndProjectSection
EndProject
Project("{8BC9CEB8-8B4A-11D0-8D11-00A0C91BC942}") = "Meteor", "Meteor\Meteor.vcxproj", "{417A7D88-2139-42B1-AD83-A3CB0723A243}"
EndProject
Global
	GlobalSection(SolutionConfigurationPlatforms) = preSolution
		Debug|x64 = Debug|x64
		Release|x64 = Release|x64
	EndGlobalSection
	GlobalSection(ProjectConfigurationPlatforms) = postSolution
		{666C8111-0B12-4080-B74D-1626EC672D18}.Debug|x64.ActiveCfg = Debug|x64
		{666C8111-0B12-4080-B74D-1626EC672D18}.Debug|x64.Build.0 = Debug|x64
		{666C8111-0B12-4080-B74D-1626EC672D18}.Release|x64.ActiveCfg = Release|x64
		{666C8111-0B12-4080-B74D-1626EC672D18}.Release|x64.Build.0 = Release|x64
		{417A7D88-2139-42B1-AD83-A3CB0723A243}.Debug|x64.ActiveCfg = Debug|x64
		{417A7D88-2139-42B1-AD83-A3CB0723A243}.Debug|x64.Build.0 = Debug|x64
		{417A7D88-2139-42B1-AD83-A3CB0723A243}.Release|x64.ActiveCfg = Release|x64
		{417A7D88-2139-42B1-AD83-A3CB0723A243}.Release|x64.Build.0 = Release|x64
	EndGlobalSection
	GlobalSection(SolutionProperties) = preSolution
		HideSolutionNode = FALSE
	EndGlobalSection
	GlobalSection(ExtensibilityGlobals) = postSolution
		SolutionGuid = {0026A177-CBE3-4D6E-98AD-3E3782C9E353}
	EndGlobalSection
EndGlobal
